
Microsoft Visual Studio Solution File, Format Version 12.00
# Visual Studio Version 17
VisualStudioVersion = 17.8.34309.116
MinimumVisualStudioVersion = 10.0.40219.1
Project("{FAE04EC0-301F-11D3-BF4B-00C04F79EFBC}") = "PopupWithFrame", "PopupWithFrame.csproj", "{B799F837-B197-418A-8D7A-B90169584228}"
EndProject
Global
	GlobalSection(SolutionConfigurationPlatforms) = preSolution
		Debug|Any CPU = Debug|Any CPU
		Release|Any CPU = Release|Any CPU
	EndGlobalSection
	GlobalSection(ProjectConfigurationPlatforms) = postSolution
		{B799F837-B197-418A-8D7A-B90169584228}.Debug|Any CPU.ActiveCfg = Debug|Any CPU
		{B799F837-B197-418A-8D7A-B90169584228}.Debug|Any CPU.Build.0 = Debug|Any CPU
		{B799F837-B197-418A-8D7A-B90169584228}.Debug|Any CPU.Deploy.0 = Debug|Any CPU
		{B799F837-B197-418A-8D7A-B90169584228}.Release|Any CPU.ActiveCfg = Release|Any CPU
		{B799F837-B197-418A-8D7A-B90169584228}.Release|Any CPU.Build.0 = Release|Any CPU
		{B799F837-B197-418A-8D7A-B90169584228}.Release|Any CPU.Deploy.0 = Release|Any CPU
	EndGlobalSection
	GlobalSection(SolutionProperties) = preSolution
		HideSolutionNode = FALSE
	EndGlobalSection
	GlobalSection(ExtensibilityGlobals) = postSolution
		SolutionGuid = {21A03F96-B98E-4EEB-9522-C18E0C8BAD8E}
	EndGlobalSection
EndGlobal
